// !$*UTF8*$!
{
	archiveVersion = 1;
	classes = {
	};
	objectVersion = 46;
	objects = {

/* Begin PBXBuildFile section */
		AD8A7F6A1D3759440030D777 /* main.cpp in Sources */ = {isa = PBXBuildFile; fileRef = AD8A7F691D3759440030D777 /* main.cpp */; };
		AD8A7F731D375D900030D777 /* TestAutomator.cpp in Sources */ = {isa = PBXBuildFile; fileRef = AD8A7F721D375D900030D777 /* TestAutomator.cpp */; };
/* End PBXBuildFile section */

/* Begin PBXCopyFilesBuildPhase section */
		AD8A7F641D3759440030D777 /* CopyFiles */ = {
			isa = PBXCopyFilesBuildPhase;
			buildActionMask = 2147483647;
			dstPath = /usr/share/man/man1/;
			dstSubfolderSpec = 0;
			files = (
			);
			runOnlyForDeploymentPostprocessing = 1;
		};
/* End PBXCopyFilesBuildPhase section */

/* Begin PBXFileReference section */
		AD8A7F661D3759440030D777 /* TestAutomation */ = {isa = PBXFileReference; explicitFileType = "compiled.mach-o.executable"; includeInIndex = 0; path = TestAutomation; sourceTree = BUILT_PRODUCTS_DIR; };
		AD8A7F691D3759440030D777 /* main.cpp */ = {isa = PBXFileReference; lastKnownFileType = sourcecode.cpp.cpp; path = main.cpp; sourceTree = "<group>"; };
		AD8A7F701D375B5D0030D777 /* UnitTest.hpp */ = {isa = PBXFileReference; lastKnownFileType = sourcecode.cpp.h; path = UnitTest.hpp; sourceTree = "<group>"; };
		AD8A7F711D375C1E0030D777 /* TestAutomator.hpp */ = {isa = PBXFileReference; lastKnownFileType = sourcecode.cpp.h; path = TestAutomator.hpp; sourceTree = "<group>"; };
		AD8A7F721D375D900030D777 /* TestAutomator.cpp */ = {isa = PBXFileReference; fileEncoding = 4; lastKnownFileType = sourcecode.cpp.cpp; path = TestAutomator.cpp; sourceTree = "<group>"; };
/* End PBXFileReference section */

/* Begin PBXFrameworksBuildPhase section */
		AD8A7F631D3759440030D777 /* Frameworks */ = {
			isa = PBXFrameworksBuildPhase;
			buildActionMask = 2147483647;
			files = (
			);
			runOnlyForDeploymentPostprocessing = 0;
		};
/* End PBXFrameworksBuildPhase section */

/* Begin PBXGroup section */
		AD8A7F5D1D3759440030D777 = {
			isa = PBXGroup;
			children = (
				AD8A7F681D3759440030D777 /* TestAutomation */,
				AD8A7F671D3759440030D777 /* Products */,
			);
			sourceTree = "<group>";
		};
		AD8A7F671D3759440030D777 /* Products */ = {
			isa = PBXGroup;
			children = (
				AD8A7F661D3759440030D777 /* TestAutomation */,
			);
			name = Products;
			sourceTree = "<group>";
		};
		AD8A7F681D3759440030D777 /* TestAutomation */ = {
			isa = PBXGroup;
			children = (
				AD8A7F691D3759440030D777 /* main.cpp */,
				AD8A7F701D375B5D0030D777 /* UnitTest.hpp */,
				AD8A7F711D375C1E0030D777 /* TestAutomator.hpp */,
				AD8A7F721D375D900030D777 /* TestAutomator.cpp */,
			);
			path = TestAutomation;
			sourceTree = "<group>";
		};
/* End PBXGroup section */

/* Begin PBXNativeTarget section */
		AD8A7F651D3759440030D777 /* TestAutomation */ = {
			isa = PBXNativeTarget;
			buildConfigurationList = AD8A7F6D1D3759440030D777 /* Build configuration list for PBXNativeTarget "TestAutomation" */;
			buildPhases = (
				AD8A7F621D3759440030D777 /* Sources */,
				AD8A7F631D3759440030D777 /* Frameworks */,
				AD8A7F641D3759440030D777 /* CopyFiles */,
			);
			buildRules = (
			);
			dependencies = (
			);
			name = TestAutomation;
			productName = TestAutomation;
			productReference = AD8A7F661D3759440030D777 /* TestAutomation */;
			productType = "com.apple.product-type.tool";
		};
/* End PBXNativeTarget section */

/* Begin PBXProject section */
		AD8A7F5E1D3759440030D777 /* Project object */ = {
			isa = PBXProject;
			attributes = {
				LastUpgradeCheck = 0730;
				ORGANIZATIONNAME = "Christian Howard";
				TargetAttributes = {
					AD8A7F651D3759440030D777 = {
						CreatedOnToolsVersion = 7.3.1;
					};
				};
			};
			buildConfigurationList = AD8A7F611D3759440030D777 /* Build configuration list for PBXProject "TestAutomation" */;
			compatibilityVersion = "Xcode 3.2";
			developmentRegion = English;
			hasScannedForEncodings = 0;
			knownRegions = (
				en,
			);
			mainGroup = AD8A7F5D1D3759440030D777;
			productRefGroup = AD8A7F671D3759440030D777 /* Products */;
			projectDirPath = "";
			projectRoot = "";
			targets = (
				AD8A7F651D3759440030D777 /* TestAutomation */,
			);
		};
/* End PBXProject section */

/* Begin PBXSourcesBuildPhase section */
		AD8A7F621D3759440030D777 /* Sources */ = {
			isa = PBXSourcesBuildPhase;
			buildActionMask = 2147483647;
			files = (
				AD8A7F731D375D900030D777 /* TestAutomator.cpp in Sources */,
				AD8A7F6A1D3759440030D777 /* main.cpp in Sources */,
			);
			runOnlyForDeploymentPostprocessing = 0;
		};
/* End PBXSourcesBuildPhase section */

/* Begin XCBuildConfiguration section */
		AD8A7F6B1D3759440030D777 /* Debug */ = {
			isa = XCBuildConfiguration;
			buildSettings = {
				ALWAYS_SEARCH_USER_PATHS = NO;
				CLANG_ANALYZER_NONNULL = YES;
				CLANG_CXX_LANGUAGE_STANDARD = "gnu++0x";
				CLANG_CXX_LIBRARY = "libc++";
				CLANG_ENABLE_MODULES = YES;
				CLANG_ENABLE_OBJC_ARC = YES;
				CLANG_WARN_BOOL_CONVERSION = YES;
				CLANG_WARN_CONSTANT_CONVERSION = YES;
				CLANG_WARN_DIRECT_OBJC_ISA_USAGE = YES_ERROR;
				CLANG_WARN_EMPTY_BODY = YES;
				CLANG_WARN_ENUM_CONVERSION = YES;
				CLANG_WARN_INT_CONVERSION = YES;
				CLANG_WARN_OBJC_ROOT_CLASS = YES_ERROR;
				CLANG_WARN_UNREACHABLE_CODE = YES;
				CLANG_WARN__DUPLICATE_METHOD_MATCH = YES;
				CODE_SIGN_IDENTITY = "-";
				COPY_PHASE_STRIP = NO;
				DEBUG_INFORMATION_FORMAT = dwarf;
				ENABLE_STRICT_OBJC_MSGSEND = YES;
				ENABLE_TESTABILITY = YES;
				GCC_C_LANGUAGE_STANDARD = gnu99;
				GCC_DYNAMIC_NO_PIC = NO;
				GCC_NO_COMMON_BLOCKS = YES;
				GCC_OPTIMIZATION_LEVEL = 0;
				GCC_PREPROCESSOR_DEFINITIONS = (
					"DEBUG=1",
					"$(inherited)",
				);
				GCC_WARN_64_TO_32_BIT_CONVERSION = YES;
				GCC_WARN_ABOUT_RETURN_TYPE = YES_ERROR;
				GCC_WARN_UNDECLARED_SELECTOR = YES;
				GCC_WARN_UNINITIALIZED_AUTOS = YES_AGGRESSIVE;
				GCC_WARN_UNUSED_FUNCTION = YES;
				GCC_WARN_UNUSED_VARIABLE = YES;
				MACOSX_DEPLOYMENT_TARGET = 10.11;
				MTL_ENABLE_DEBUG_INFO = YES;
				ONLY_ACTIVE_ARCH = YES;
				SDKROOT = macosx;
			};
			name = Debug;
		};
		AD8A7F6C1D3759440030D777 /* Release */ = {
			isa = XCBuildConfiguration;
			buildSettings = {
				ALWAYS_SEARCH_USER_PATHS = NO;
				CLANG_ANALYZER_NONNULL = YES;
				CLANG_CXX_LANGUAGE_STANDARD = "gnu++0x";
				CLANG_CXX_LIBRARY = "libc++";
				CLANG_ENABLE_MODULES = YES;
				CLANG_ENABLE_OBJC_ARC = YES;
				CLANG_WARN_BOOL_CONVERSION = YES;
				CLANG_WARN_CONSTANT_CONVERSION = YES;
				CLANG_WARN_DIRECT_OBJC_ISA_USAGE = YES_ERROR;
				CLANG_WARN_EMPTY_BODY = YES;
				CLANG_WARN_ENUM_CONVERSION = YES;
				CLANG_WARN_INT_CONVERSION = YES;
				CLANG_WARN_OBJC_ROOT_CLASS = YES_ERROR;
				CLANG_WARN_UNREACHABLE_CODE = YES;
				CLANG_WARN__DUPLICATE_METHOD_MATCH = YES;
				CODE_SIGN_IDENTITY = "-";
				COPY_PHASE_STRIP = NO;
				DEBUG_INFORMATION_FORMAT = "dwarf-with-dsym";
				ENABLE_NS_ASSERTIONS = NO;
				ENABLE_STRICT_OBJC_MSGSEND = YES;
				GCC_C_LANGUAGE_STANDARD = gnu99;
				GCC_NO_COMMON_BLOCKS = YES;
				GCC_WARN_64_TO_32_BIT_CONVERSION = YES;
				GCC_WARN_ABOUT_RETURN_TYPE = YES_ERROR;
				GCC_WARN_UNDECLARED_SELECTOR = YES;
				GCC_WARN_UNINITIALIZED_AUTOS = YES_AGGRESSIVE;
				GCC_WARN_UNUSED_FUNCTION = YES;
				GCC_WARN_UNUSED_VARIABLE = YES;
				MACOSX_DEPLOYMENT_TARGET = 10.11;
				MTL_ENABLE_DEBUG_INFO = NO;
				SDKROOT = macosx;
			};
			name = Release;
		};
		AD8A7F6E1D3759440030D777 /* Debug */ = {
			isa = XCBuildConfiguration;
			buildSettings = {
				PRODUCT_NAME = "$(TARGET_NAME)";
			};
			name = Debug;
		};
		AD8A7F6F1D3759440030D777 /* Release */ = {
			isa = XCBuildConfiguration;
			buildSettings = {
				PRODUCT_NAME = "$(TARGET_NAME)";
			};
			name = Release;
		};
/* End XCBuildConfiguration section */

/* Begin XCConfigurationList section */
		AD8A7F611D3759440030D777 /* Build configuration list for PBXProject "TestAutomation" */ = {
			isa = XCConfigurationList;
			buildConfigurations = (
				AD8A7F6B1D3759440030D777 /* Debug */,
				AD8A7F6C1D3759440030D777 /* Release */,
			);
			defaultConfigurationIsVisible = 0;
			defaultConfigurationName = Release;
		};
		AD8A7F6D1D3759440030D777 /* Build configuration list for PBXNativeTarget "TestAutomation" */ = {
			isa = XCConfigurationList;
			buildConfigurations = (
				AD8A7F6E1D3759440030D777 /* Debug */,
				AD8A7F6F1D3759440030D777 /* Release */,
			);
			defaultConfigurationIsVisible = 0;
		};
/* End XCConfigurationList section */
	};
	rootObject = AD8A7F5E1D3759440030D777 /* Project object */;
}
